// !$*UTF8*$!
{
	archiveVersion = 1;
	classes = {
	};
	objectVersion = 50;
	objects = {

/* Begin PBXBuildFile section */
		5791D1582318661F00BF455D /* Note.swift in Sources */ = {isa = PBXBuildFile; fileRef = 5791D1572318661F00BF455D /* Note.swift */; };
		5791D1622319920E00BF455D /* NoteCD+CoreDataClass.swift in Sources */ = {isa = PBXBuildFile; fileRef = 5791D1602319920E00BF455D /* NoteCD+CoreDataClass.swift */; };
		5791D1632319920E00BF455D /* NoteCD+CoreDataProperties.swift in Sources */ = {isa = PBXBuildFile; fileRef = 5791D1612319920E00BF455D /* NoteCD+CoreDataProperties.swift */; };
		5791D168231997A200BF455D /* NoteModel.xcdatamodeld in Sources */ = {isa = PBXBuildFile; fileRef = 5791D166231997A200BF455D /* NoteModel.xcdatamodeld */; };
		5791D16A23199A2200BF455D /* DataController.swift in Sources */ = {isa = PBXBuildFile; fileRef = 5791D16923199A2200BF455D /* DataController.swift */; };
		5791D16C231D7FA900BF455D /* ViewControllerII.swift in Sources */ = {isa = PBXBuildFile; fileRef = 5791D16B231D7FA900BF455D /* ViewControllerII.swift */; };
		57CC03282316FD9A0043E423 /* AppDelegate.swift in Sources */ = {isa = PBXBuildFile; fileRef = 57CC03272316FD9A0043E423 /* AppDelegate.swift */; };
		57CC032A2316FD9A0043E423 /* ViewController.swift in Sources */ = {isa = PBXBuildFile; fileRef = 57CC03292316FD9A0043E423 /* ViewController.swift */; };
		57CC032D2316FD9A0043E423 /* Main.storyboard in Resources */ = {isa = PBXBuildFile; fileRef = 57CC032B2316FD9A0043E423 /* Main.storyboard */; };
		57CC032F2316FD9C0043E423 /* Assets.xcassets in Resources */ = {isa = PBXBuildFile; fileRef = 57CC032E2316FD9C0043E423 /* Assets.xcassets */; };
		57CC03322316FD9C0043E423 /* LaunchScreen.storyboard in Resources */ = {isa = PBXBuildFile; fileRef = 57CC03302316FD9C0043E423 /* LaunchScreen.storyboard */; };
		57CC033D2316FD9C0043E423 /* teste2Tests.swift in Sources */ = {isa = PBXBuildFile; fileRef = 57CC033C2316FD9C0043E423 /* teste2Tests.swift */; };
		57CC03482316FD9D0043E423 /* teste2UITests.swift in Sources */ = {isa = PBXBuildFile; fileRef = 57CC03472316FD9D0043E423 /* teste2UITests.swift */; };
/* End PBXBuildFile section */

/* Begin PBXContainerItemProxy section */
		57CC03392316FD9C0043E423 /* PBXContainerItemProxy */ = {
			isa = PBXContainerItemProxy;
			containerPortal = 57CC031C2316FD9A0043E423 /* Project object */;
			proxyType = 1;
			remoteGlobalIDString = 57CC03232316FD9A0043E423;
			remoteInfo = teste2;
		};
		57CC03442316FD9C0043E423 /* PBXContainerItemProxy */ = {
			isa = PBXContainerItemProxy;
			containerPortal = 57CC031C2316FD9A0043E423 /* Project object */;
			proxyType = 1;
			remoteGlobalIDString = 57CC03232316FD9A0043E423;
			remoteInfo = teste2;
		};
/* End PBXContainerItemProxy section */

/* Begin PBXFileReference section */
		5791D1572318661F00BF455D /* Note.swift */ = {isa = PBXFileReference; lastKnownFileType = sourcecode.swift; path = Note.swift; sourceTree = "<group>"; };
		5791D1602319920E00BF455D /* NoteCD+CoreDataClass.swift */ = {isa = PBXFileReference; lastKnownFileType = sourcecode.swift; path = "NoteCD+CoreDataClass.swift"; sourceTree = "<group>"; };
		5791D1612319920E00BF455D /* NoteCD+CoreDataProperties.swift */ = {isa = PBXFileReference; lastKnownFileType = sourcecode.swift; path = "NoteCD+CoreDataProperties.swift"; sourceTree = "<group>"; };
		5791D167231997A200BF455D /* noteModel.xcdatamodel */ = {isa = PBXFileReference; lastKnownFileType = wrapper.xcdatamodel; path = noteModel.xcdatamodel; sourceTree = "<group>"; };
		5791D16923199A2200BF455D /* DataController.swift */ = {isa = PBXFileReference; lastKnownFileType = sourcecode.swift; path = DataController.swift; sourceTree = "<group>"; };
		5791D16B231D7FA900BF455D /* ViewControllerII.swift */ = {isa = PBXFileReference; lastKnownFileType = sourcecode.swift; path = ViewControllerII.swift; sourceTree = "<group>"; };
		57CC03242316FD9A0043E423 /* teste2.app */ = {isa = PBXFileReference; explicitFileType = wrapper.application; includeInIndex = 0; path = teste2.app; sourceTree = BUILT_PRODUCTS_DIR; };
		57CC03272316FD9A0043E423 /* AppDelegate.swift */ = {isa = PBXFileReference; lastKnownFileType = sourcecode.swift; path = AppDelegate.swift; sourceTree = "<group>"; };
		57CC03292316FD9A0043E423 /* ViewController.swift */ = {isa = PBXFileReference; lastKnownFileType = sourcecode.swift; path = ViewController.swift; sourceTree = "<group>"; };
		57CC032C2316FD9A0043E423 /* Base */ = {isa = PBXFileReference; lastKnownFileType = file.storyboard; name = Base; path = Base.lproj/Main.storyboard; sourceTree = "<group>"; };
		57CC032E2316FD9C0043E423 /* Assets.xcassets */ = {isa = PBXFileReference; lastKnownFileType = folder.assetcatalog; path = Assets.xcassets; sourceTree = "<group>"; };
		57CC03312316FD9C0043E423 /* Base */ = {isa = PBXFileReference; lastKnownFileType = file.storyboard; name = Base; path = Base.lproj/LaunchScreen.storyboard; sourceTree = "<group>"; };
		57CC03382316FD9C0043E423 /* teste2Tests.xctest */ = {isa = PBXFileReference; explicitFileType = wrapper.cfbundle; includeInIndex = 0; path = teste2Tests.xctest; sourceTree = BUILT_PRODUCTS_DIR; };
		57CC033C2316FD9C0043E423 /* teste2Tests.swift */ = {isa = PBXFileReference; lastKnownFileType = sourcecode.swift; path = teste2Tests.swift; sourceTree = "<group>"; };
		57CC033E2316FD9C0043E423 /* Info.plist */ = {isa = PBXFileReference; lastKnownFileType = text.plist.xml; path = Info.plist; sourceTree = "<group>"; };
		57CC03432316FD9C0043E423 /* teste2UITests.xctest */ = {isa = PBXFileReference; explicitFileType = wrapper.cfbundle; includeInIndex = 0; path = teste2UITests.xctest; sourceTree = BUILT_PRODUCTS_DIR; };
		57CC03472316FD9D0043E423 /* teste2UITests.swift */ = {isa = PBXFileReference; lastKnownFileType = sourcecode.swift; path = teste2UITests.swift; sourceTree = "<group>"; };
		57CC03492316FD9D0043E423 /* Info.plist */ = {isa = PBXFileReference; lastKnownFileType = text.plist.xml; path = Info.plist; sourceTree = "<group>"; };
/* End PBXFileReference section */

/* Begin PBXFrameworksBuildPhase section */
		57CC03212316FD9A0043E423 /* Frameworks */ = {
			isa = PBXFrameworksBuildPhase;
			buildActionMask = 2147483647;
			files = (
			);
			runOnlyForDeploymentPostprocessing = 0;
		};
		57CC03352316FD9C0043E423 /* Frameworks */ = {
			isa = PBXFrameworksBuildPhase;
			buildActionMask = 2147483647;
			files = (
			);
			runOnlyForDeploymentPostprocessing = 0;
		};
		57CC03402316FD9C0043E423 /* Frameworks */ = {
			isa = PBXFrameworksBuildPhase;
			buildActionMask = 2147483647;
			files = (
			);
			runOnlyForDeploymentPostprocessing = 0;
		};
/* End PBXFrameworksBuildPhase section */

/* Begin PBXGroup section */
		57CC031B2316FD9A0043E423 = {
			isa = PBXGroup;
			children = (
				57CC03262316FD9A0043E423 /* teste2 */,
				57CC033B2316FD9C0043E423 /* teste2Tests */,
				57CC03462316FD9C0043E423 /* teste2UITests */,
				57CC03252316FD9A0043E423 /* Products */,
			);
			sourceTree = "<group>";
		};
		57CC03252316FD9A0043E423 /* Products */ = {
			isa = PBXGroup;
			children = (
				57CC03242316FD9A0043E423 /* teste2.app */,
				57CC03382316FD9C0043E423 /* teste2Tests.xctest */,
				57CC03432316FD9C0043E423 /* teste2UITests.xctest */,
			);
			name = Products;
			sourceTree = "<group>";
		};
		57CC03262316FD9A0043E423 /* teste2 */ = {
			isa = PBXGroup;
			children = (
				5791D1602319920E00BF455D /* NoteCD+CoreDataClass.swift */,
				5791D1612319920E00BF455D /* NoteCD+CoreDataProperties.swift */,
				57CC03272316FD9A0043E423 /* AppDelegate.swift */,
				57CC03292316FD9A0043E423 /* ViewController.swift */,
				5791D16B231D7FA900BF455D /* ViewControllerII.swift */,
				57CC032B2316FD9A0043E423 /* Main.storyboard */,
				57CC032E2316FD9C0043E423 /* Assets.xcassets */,
				57CC03302316FD9C0043E423 /* LaunchScreen.storyboard */,
				5791D1572318661F00BF455D /* Note.swift */,
				5791D166231997A200BF455D /* NoteModel.xcdatamodeld */,
				5791D16923199A2200BF455D /* DataController.swift */,
			);
			path = teste2;
			sourceTree = "<group>";
		};
		57CC033B2316FD9C0043E423 /* teste2Tests */ = {
			isa = PBXGroup;
			children = (
				57CC033C2316FD9C0043E423 /* teste2Tests.swift */,
				57CC033E2316FD9C0043E423 /* Info.plist */,
			);
			path = teste2Tests;
			sourceTree = "<group>";
		};
		57CC03462316FD9C0043E423 /* teste2UITests */ = {
			isa = PBXGroup;
			children = (
				57CC03472316FD9D0043E423 /* teste2UITests.swift */,
				57CC03492316FD9D0043E423 /* Info.plist */,
			);
			path = teste2UITests;
			sourceTree = "<group>";
		};
/* End PBXGroup section */

/* Begin PBXNativeTarget section */
		57CC03232316FD9A0043E423 /* teste2 */ = {
			isa = PBXNativeTarget;
			buildConfigurationList = 57CC034C2316FD9D0043E423 /* Build configuration list for PBXNativeTarget "teste2" */;
			buildPhases = (
				57CC03202316FD9A0043E423 /* Sources */,
				57CC03212316FD9A0043E423 /* Frameworks */,
				57CC03222316FD9A0043E423 /* Resources */,
			);
			buildRules = (
			);
			dependencies = (
			);
			name = teste2;
			productName = teste2;
			productReference = 57CC03242316FD9A0043E423 /* teste2.app */;
			productType = "com.apple.product-type.application";
		};
		57CC03372316FD9C0043E423 /* teste2Tests */ = {
			isa = PBXNativeTarget;
			buildConfigurationList = 57CC034F2316FD9D0043E423 /* Build configuration list for PBXNativeTarget "teste2Tests" */;
			buildPhases = (
				57CC03342316FD9C0043E423 /* Sources */,
				57CC03352316FD9C0043E423 /* Frameworks */,
				57CC03362316FD9C0043E423 /* Resources */,
			);
			buildRules = (
			);
			dependencies = (
				57CC033A2316FD9C0043E423 /* PBXTargetDependency */,
			);
			name = teste2Tests;
			productName = teste2Tests;
			productReference = 57CC03382316FD9C0043E423 /* teste2Tests.xctest */;
			productType = "com.apple.product-type.bundle.unit-test";
		};
		57CC03422316FD9C0043E423 /* teste2UITests */ = {
			isa = PBXNativeTarget;
			buildConfigurationList = 57CC03522316FD9D0043E423 /* Build configuration list for PBXNativeTarget "teste2UITests" */;
			buildPhases = (
				57CC033F2316FD9C0043E423 /* Sources */,
				57CC03402316FD9C0043E423 /* Frameworks */,
				57CC03412316FD9C0043E423 /* Resources */,
			);
			buildRules = (
			);
			dependencies = (
				57CC03452316FD9C0043E423 /* PBXTargetDependency */,
			);
			name = teste2UITests;
			productName = teste2UITests;
			productReference = 57CC03432316FD9C0043E423 /* teste2UITests.xctest */;
			productType = "com.apple.product-type.bundle.ui-testing";
		};
/* End PBXNativeTarget section */

/* Begin PBXProject section */
		57CC031C2316FD9A0043E423 /* Project object */ = {
			isa = PBXProject;
			attributes = {
				LastSwiftUpdateCheck = 1030;
				LastUpgradeCheck = 1030;
				ORGANIZATIONNAME = aluno;
				TargetAttributes = {
					57CC03232316FD9A0043E423 = {
						CreatedOnToolsVersion = 10.3;
					};
					57CC03372316FD9C0043E423 = {
						CreatedOnToolsVersion = 10.3;
						TestTargetID = 57CC03232316FD9A0043E423;
					};
					57CC03422316FD9C0043E423 = {
						CreatedOnToolsVersion = 10.3;
						TestTargetID = 57CC03232316FD9A0043E423;
					};
				};
			};
			buildConfigurationList = 57CC031F2316FD9A0043E423 /* Build configuration list for PBXProject "teste2" */;
			compatibilityVersion = "Xcode 9.3";
			developmentRegion = en;
			hasScannedForEncodings = 0;
			knownRegions = (
				en,
				Base,
			);
			mainGroup = 57CC031B2316FD9A0043E423;
			productRefGroup = 57CC03252316FD9A0043E423 /* Products */;
			projectDirPath = "";
			projectRoot = "";
			targets = (
				57CC03232316FD9A0043E423 /* teste2 */,
				57CC03372316FD9C0043E423 /* teste2Tests */,
				57CC03422316FD9C0043E423 /* teste2UITests */,
			);
		};
/* End PBXProject section */

/* Begin PBXResourcesBuildPhase section */
		57CC03222316FD9A0043E423 /* Resources */ = {
			isa = PBXResourcesBuildPhase;
			buildActionMask = 2147483647;
			files = (
				57CC03322316FD9C0043E423 /* LaunchScreen.storyboard in Resources */,
				57CC032F2316FD9C0043E423 /* Assets.xcassets in Resources */,
				57CC032D2316FD9A0043E423 /* Main.storyboard in Resources */,
			);
			runOnlyForDeploymentPostprocessing = 0;
		};
		57CC03362316FD9C0043E423 /* Resources */ = {
			isa = PBXResourcesBuildPhase;
			buildActionMask = 2147483647;
			files = (
			);
			runOnlyForDeploymentPostprocessing = 0;
		};
		57CC03412316FD9C0043E423 /* Resources */ = {
			isa = PBXResourcesBuildPhase;
			buildActionMask = 2147483647;
			files = (
			);
			runOnlyForDeploymentPostprocessing = 0;
		};
/* End PBXResourcesBuildPhase section */

/* Begin PBXSourcesBuildPhase section */
		57CC03202316FD9A0043E423 /* Sources */ = {
			isa = PBXSourcesBuildPhase;
			buildActionMask = 2147483647;
			files = (
				5791D16A23199A2200BF455D /* DataController.swift in Sources */,
				5791D1622319920E00BF455D /* NoteCD+CoreDataClass.swift in Sources */,
				5791D16C231D7FA900BF455D /* ViewControllerII.swift in Sources */,
				57CC032A2316FD9A0043E423 /* ViewController.swift in Sources */,
				57CC03282316FD9A0043E423 /* AppDelegate.swift in Sources */,
				5791D1632319920E00BF455D /* NoteCD+CoreDataProperties.swift in Sources */,
				5791D1582318661F00BF455D /* Note.swift in Sources */,
				5791D168231997A200BF455D /* NoteModel.xcdatamodeld in Sources */,
			);
			runOnlyForDeploymentPostprocessing = 0;
		};
		57CC03342316FD9C0043E423 /* Sources */ = {
			isa = PBXSourcesBuildPhase;
			buildActionMask = 2147483647;
			files = (
				57CC033D2316FD9C0043E423 /* teste2Tests.swift in Sources */,
			);
			runOnlyForDeploymentPostprocessing = 0;
		};
		57CC033F2316FD9C0043E423 /* Sources */ = {
			isa = PBXSourcesBuildPhase;
			buildActionMask = 2147483647;
			files = (
				57CC03482316FD9D0043E423 /* teste2UITests.swift in Sources */,
			);
			runOnlyForDeploymentPostprocessing = 0;
		};
/* End PBXSourcesBuildPhase section */

/* Begin PBXTargetDependency section */
		57CC033A2316FD9C0043E423 /* PBXTargetDependency */ = {
			isa = PBXTargetDependency;
			target = 57CC03232316FD9A0043E423 /* teste2 */;
			targetProxy = 57CC03392316FD9C0043E423 /* PBXContainerItemProxy */;
		};
		57CC03452316FD9C0043E423 /* PBXTargetDependency */ = {
			isa = PBXTargetDependency;
			target = 57CC03232316FD9A0043E423 /* teste2 */;
			targetProxy = 57CC03442316FD9C0043E423 /* PBXContainerItemProxy */;
		};
/* End PBXTargetDependency section */

/* Begin PBXVariantGroup section */
		57CC032B2316FD9A0043E423 /* Main.storyboard */ = {
			isa = PBXVariantGroup;
			children = (
				57CC032C2316FD9A0043E423 /* Base */,
			);
			name = Main.storyboard;
			sourceTree = "<group>";
		};
		57CC03302316FD9C0043E423 /* LaunchScreen.storyboard */ = {
			isa = PBXVariantGroup;
			children = (
				57CC03312316FD9C0043E423 /* Base */,
			);
			name = LaunchScreen.storyboard;
			sourceTree = "<group>";
		};
/* End PBXVariantGroup section */

/* Begin XCBuildConfiguration section */
		57CC034A2316FD9D0043E423 /* Debug */ = {
			isa = XCBuildConfiguration;
			buildSettings = {
				ALWAYS_SEARCH_USER_PATHS = NO;
				CLANG_ANALYZER_NONNULL = YES;
				CLANG_ANALYZER_NUMBER_OBJECT_CONVERSION = YES_AGGRESSIVE;
				CLANG_CXX_LANGUAGE_STANDARD = "gnu++14";
				CLANG_CXX_LIBRARY = "libc++";
				CLANG_ENABLE_MODULES = YES;
				CLANG_ENABLE_OBJC_ARC = YES;
				CLANG_ENABLE_OBJC_WEAK = YES;
				CLANG_WARN_BLOCK_CAPTURE_AUTORELEASING = YES;
				CLANG_WARN_BOOL_CONVERSION = YES;
				CLANG_WARN_COMMA = YES;
				CLANG_WARN_CONSTANT_CONVERSION = YES;
				CLANG_WARN_DEPRECATED_OBJC_IMPLEMENTATIONS = YES;
				CLANG_WARN_DIRECT_OBJC_ISA_USAGE = YES_ERROR;
				CLANG_WARN_DOCUMENTATION_COMMENTS = YES;
				CLANG_WARN_EMPTY_BODY = YES;
				CLANG_WARN_ENUM_CONVERSION = YES;
				CLANG_WARN_INFINITE_RECURSION = YES;
				CLANG_WARN_INT_CONVERSION = YES;
				CLANG_WARN_NON_LITERAL_NULL_CONVERSION = YES;
				CLANG_WARN_OBJC_IMPLICIT_RETAIN_SELF = YES;
				CLANG_WARN_OBJC_LITERAL_CONVERSION = YES;
				CLANG_WARN_OBJC_ROOT_CLASS = YES_ERROR;
				CLANG_WARN_RANGE_LOOP_ANALYSIS = YES;
				CLANG_WARN_STRICT_PROTOTYPES = YES;
				CLANG_WARN_SUSPICIOUS_MOVE = YES;
				CLANG_WARN_UNGUARDED_AVAILABILITY = YES_AGGRESSIVE;
				CLANG_WARN_UNREACHABLE_CODE = YES;
				CLANG_WARN__DUPLICATE_METHOD_MATCH = YES;
				CODE_SIGN_IDENTITY = "iPhone Developer";
				COPY_PHASE_STRIP = NO;
				DEBUG_INFORMATION_FORMAT = dwarf;
				ENABLE_STRICT_OBJC_MSGSEND = YES;
				ENABLE_TESTABILITY = YES;
				GCC_C_LANGUAGE_STANDARD = gnu11;
				GCC_DYNAMIC_NO_PIC = NO;
				GCC_NO_COMMON_BLOCKS = YES;
				GCC_OPTIMIZATION_LEVEL = 0;
				GCC_PREPROCESSOR_DEFINITIONS = (
					"DEBUG=1",
					"$(inherited)",
				);
				GCC_WARN_64_TO_32_BIT_CONVERSION = YES;
				GCC_WARN_ABOUT_RETURN_TYPE = YES_ERROR;
				GCC_WARN_UNDECLARED_SELECTOR = YES;
				GCC_WARN_UNINITIALIZED_AUTOS = YES_AGGRESSIVE;
				GCC_WARN_UNUSED_FUNCTION = YES;
				GCC_WARN_UNUSED_VARIABLE = YES;
				IPHONEOS_DEPLOYMENT_TARGET = 12.4;
				MTL_ENABLE_DEBUG_INFO = INCLUDE_SOURCE;
				MTL_FAST_MATH = YES;
				ONLY_ACTIVE_ARCH = YES;
				SDKROOT = iphoneos;
				SWIFT_ACTIVE_COMPILATION_CONDITIONS = DEBUG;
				SWIFT_OPTIMIZATION_LEVEL = "-Onone";
			};
			name = Debug;
		};
		57CC034B2316FD9D0043E423 /* Release */ = {
			isa = XCBuildConfiguration;
			buildSettings = {
				ALWAYS_SEARCH_USER_PATHS = NO;
				CLANG_ANALYZER_NONNULL = YES;
				CLANG_ANALYZER_NUMBER_OBJECT_CONVERSION = YES_AGGRESSIVE;
				CLANG_CXX_LANGUAGE_STANDARD = "gnu++14";
				CLANG_CXX_LIBRARY = "libc++";
				CLANG_ENABLE_MODULES = YES;
				CLANG_ENABLE_OBJC_ARC = YES;
				CLANG_ENABLE_OBJC_WEAK = YES;
				CLANG_WARN_BLOCK_CAPTURE_AUTORELEASING = YES;
				CLANG_WARN_BOOL_CONVERSION = YES;
				CLANG_WARN_COMMA = YES;
				CLANG_WARN_CONSTANT_CONVERSION = YES;
				CLANG_WARN_DEPRECATED_OBJC_IMPLEMENTATIONS = YES;
				CLANG_WARN_DIRECT_OBJC_ISA_USAGE = YES_ERROR;
				CLANG_WARN_DOCUMENTATION_COMMENTS = YES;
				CLANG_WARN_EMPTY_BODY = YES;
				CLANG_WARN_ENUM_CONVERSION = YES;
				CLANG_WARN_INFINITE_RECURSION = YES;
				CLANG_WARN_INT_CONVERSION = YES;
				CLANG_WARN_NON_LITERAL_NULL_CONVERSION = YES;
				CLANG_WARN_OBJC_IMPLICIT_RETAIN_SELF = YES;
				CLANG_WARN_OBJC_LITERAL_CONVERSION = YES;
				CLANG_WARN_OBJC_ROOT_CLASS = YES_ERROR;
				CLANG_WARN_RANGE_LOOP_ANALYSIS = YES;
				CLANG_WARN_STRICT_PROTOTYPES = YES;
				CLANG_WARN_SUSPICIOUS_MOVE = YES;
				CLANG_WARN_UNGUARDED_AVAILABILITY = YES_AGGRESSIVE;
				CLANG_WARN_UNREACHABLE_CODE = YES;
				CLANG_WARN__DUPLICATE_METHOD_MATCH = YES;
				CODE_SIGN_IDENTITY = "iPhone Developer";
				COPY_PHASE_STRIP = NO;
				DEBUG_INFORMATION_FORMAT = "dwarf-with-dsym";
				ENABLE_NS_ASSERTIONS = NO;
				ENABLE_STRICT_OBJC_MSGSEND = YES;
				GCC_C_LANGUAGE_STANDARD = gnu11;
				GCC_NO_COMMON_BLOCKS = YES;
				GCC_WARN_64_TO_32_BIT_CONVERSION = YES;
				GCC_WARN_ABOUT_RETURN_TYPE = YES_ERROR;
				GCC_WARN_UNDECLARED_SELECTOR = YES;
				GCC_WARN_UNINITIALIZED_AUTOS = YES_AGGRESSIVE;
				GCC_WARN_UNUSED_FUNCTION = YES;
				GCC_WARN_UNUSED_VARIABLE = YES;
				IPHONEOS_DEPLOYMENT_TARGET = 12.4;
				MTL_ENABLE_DEBUG_INFO = NO;
				MTL_FAST_MATH = YES;
				SDKROOT = iphoneos;
				SWIFT_COMPILATION_MODE = wholemodule;
				SWIFT_OPTIMIZATION_LEVEL = "-O";
				VALIDATE_PRODUCT = YES;
			};
			name = Release;
		};
		57CC034D2316FD9D0043E423 /* Debug */ = {
			isa = XCBuildConfiguration;
			buildSettings = {
				ASSETCATALOG_COMPILER_APPICON_NAME = AppIcon;
				CODE_SIGN_STYLE = Automatic;
				INFOPLIST_FILE = teste2/Info.plist;
				LD_RUNPATH_SEARCH_PATHS = (
					"$(inherited)",
					"@executable_path/Frameworks",
				);
				PRODUCT_BUNDLE_IDENTIFIER = AgoraVaiDizgrassaComDoisEssis.teste2;
				PRODUCT_NAME = "$(TARGET_NAME)";
				SWIFT_VERSION = 5.0;
				TARGETED_DEVICE_FAMILY = "1,2";
			};
			name = Debug;
		};
		57CC034E2316FD9D0043E423 /* Release */ = {
			isa = XCBuildConfiguration;
			buildSettings = {
				ASSETCATALOG_COMPILER_APPICON_NAME = AppIcon;
				CODE_SIGN_STYLE = Automatic;
				INFOPLIST_FILE = teste2/Info.plist;
				LD_RUNPATH_SEARCH_PATHS = (
					"$(inherited)",
					"@executable_path/Frameworks",
				);
				PRODUCT_BUNDLE_IDENTIFIER = AgoraVaiDizgrassaComDoisEssis.teste2;
				PRODUCT_NAME = "$(TARGET_NAME)";
				SWIFT_VERSION = 5.0;
				TARGETED_DEVICE_FAMILY = "1,2";
			};
			name = Release;
		};
		57CC03502316FD9D0043E423 /* Debug */ = {
			isa = XCBuildConfiguration;
			buildSettings = {
				ALWAYS_EMBED_SWIFT_STANDARD_LIBRARIES = YES;
				BUNDLE_LOADER = "$(TEST_HOST)";
				CODE_SIGN_STYLE = Automatic;
				INFOPLIST_FILE = teste2Tests/Info.plist;
				LD_RUNPATH_SEARCH_PATHS = (
					"$(inherited)",
					"@executable_path/Frameworks",
					"@loader_path/Frameworks",
				);
				PRODUCT_BUNDLE_IDENTIFIER = AgoraVaiDizgrassaComDoisEssis.teste2Tests;
				PRODUCT_NAME = "$(TARGET_NAME)";
				SWIFT_VERSION = 5.0;
				TARGETED_DEVICE_FAMILY = "1,2";
				TEST_HOST = "$(BUILT_PRODUCTS_DIR)/teste2.app/teste2";
			};
			name = Debug;
		};
		57CC03512316FD9D0043E423 /* Release */ = {
			isa = XCBuildConfiguration;
			buildSettings = {
				ALWAYS_EMBED_SWIFT_STANDARD_LIBRARIES = YES;
				BUNDLE_LOADER = "$(TEST_HOST)";
				CODE_SIGN_STYLE = Automatic;
				INFOPLIST_FILE = teste2Tests/Info.plist;
				LD_RUNPATH_SEARCH_PATHS = (
					"$(inherited)",
					"@executable_path/Frameworks",
					"@loader_path/Frameworks",
				);
				PRODUCT_BUNDLE_IDENTIFIER = AgoraVaiDizgrassaComDoisEssis.teste2Tests;
				PRODUCT_NAME = "$(TARGET_NAME)";
				SWIFT_VERSION = 5.0;
				TARGETED_DEVICE_FAMILY = "1,2";
				TEST_HOST = "$(BUILT_PRODUCTS_DIR)/teste2.app/teste2";
			};
			name = Release;
		};
		57CC03532316FD9D0043E423 /* Debug */ = {
			isa = XCBuildConfiguration;
			buildSettings = {
				ALWAYS_EMBED_SWIFT_STANDARD_LIBRARIES = YES;
				CODE_SIGN_STYLE = Automatic;
				INFOPLIST_FILE = teste2UITests/Info.plist;
				LD_RUNPATH_SEARCH_PATHS = (
					"$(inherited)",
					"@executable_path/Frameworks",
					"@loader_path/Frameworks",
				);
				PRODUCT_BUNDLE_IDENTIFIER = AgoraVaiDizgrassaComDoisEssis.teste2UITests;
				PRODUCT_NAME = "$(TARGET_NAME)";
				SWIFT_VERSION = 5.0;
				TARGETED_DEVICE_FAMILY = "1,2";
				TEST_TARGET_NAME = teste2;
			};
			name = Debug;
		};
		57CC03542316FD9D0043E423 /* Release */ = {
			isa = XCBuildConfiguration;
			buildSettings = {
				ALWAYS_EMBED_SWIFT_STANDARD_LIBRARIES = YES;
				CODE_SIGN_STYLE = Automatic;
				INFOPLIST_FILE = teste2UITests/Info.plist;
				LD_RUNPATH_SEARCH_PATHS = (
					"$(inherited)",
					"@executable_path/Frameworks",
					"@loader_path/Frameworks",
				);
				PRODUCT_BUNDLE_IDENTIFIER = AgoraVaiDizgrassaComDoisEssis.teste2UITests;
				PRODUCT_NAME = "$(TARGET_NAME)";
				SWIFT_VERSION = 5.0;
				TARGETED_DEVICE_FAMILY = "1,2";
				TEST_TARGET_NAME = teste2;
			};
			name = Release;
		};
/* End XCBuildConfiguration section */

/* Begin XCConfigurationList section */
		57CC031F2316FD9A0043E423 /* Build configuration list for PBXProject "teste2" */ = {
			isa = XCConfigurationList;
			buildConfigurations = (
				57CC034A2316FD9D0043E423 /* Debug */,
				57CC034B2316FD9D0043E423 /* Release */,
			);
			defaultConfigurationIsVisible = 0;
			defaultConfigurationName = Release;
		};
		57CC034C2316FD9D0043E423 /* Build configuration list for PBXNativeTarget "teste2" */ = {
			isa = XCConfigurationList;
			buildConfigurations = (
				57CC034D2316FD9D0043E423 /* Debug */,
				57CC034E2316FD9D0043E423 /* Release */,
			);
			defaultConfigurationIsVisible = 0;
			defaultConfigurationName = Release;
		};
		57CC034F2316FD9D0043E423 /* Build configuration list for PBXNativeTarget "teste2Tests" */ = {
			isa = XCConfigurationList;
			buildConfigurations = (
				57CC03502316FD9D0043E423 /* Debug */,
				57CC03512316FD9D0043E423 /* Release */,
			);
			defaultConfigurationIsVisible = 0;
			defaultConfigurationName = Release;
		};
		57CC03522316FD9D0043E423 /* Build configuration list for PBXNativeTarget "teste2UITests" */ = {
			isa = XCConfigurationList;
			buildConfigurations = (
				57CC03532316FD9D0043E423 /* Debug */,
				57CC03542316FD9D0043E423 /* Release */,
			);
			defaultConfigurationIsVisible = 0;
			defaultConfigurationName = Release;
		};
/* End XCConfigurationList section */

/* Begin XCVersionGroup section */
		5791D166231997A200BF455D /* NoteModel.xcdatamodeld */ = {
			isa = XCVersionGroup;
			children = (
				5791D167231997A200BF455D /* noteModel.xcdatamodel */,
			);
			currentVersion = 5791D167231997A200BF455D /* noteModel.xcdatamodel */;
			path = NoteModel.xcdatamodeld;
			sourceTree = "<group>";
			versionGroupType = wrapper.xcdatamodel;
		};
/* End XCVersionGroup section */
	};
	rootObject = 57CC031C2316FD9A0043E423 /* Project object */;
}
